
Microsoft Visual Studio Solution File, Format Version 12.00
# Visual Studio 15
VisualStudioVersion = 15.0.28307.168
MinimumVisualStudioVersion = 10.0.40219.1
Project("{9A19103F-16F7-4668-BE54-9A1E7A4F7556}") = "SurveyMicroservice", "SurveyMicroservice\SurveyMicroservice.csproj", "{0C8D8A0A-BD03-4476-8A9D-4617BE11E898}"
EndProject
Project("{9A19103F-16F7-4668-BE54-9A1E7A4F7556}") = "Entities", "Entities\Entities.csproj", "{9775402A-22AB-4A7B-B1FE-A1D44D07518F}"
EndProject
Project("{9A19103F-16F7-4668-BE54-9A1E7A4F7556}") = "Contracts", "Contracts\Contracts.csproj", "{F54B95D0-90E9-47A9-88E7-562539AC5F00}"
EndProject
Project("{9A19103F-16F7-4668-BE54-9A1E7A4F7556}") = "Repository", "Repository\Repository.csproj", "{C1FF91DE-80A5-48C5-A104-DEF82B7B0A94}"
EndProject
Project("{FAE04EC0-301F-11D3-BF4B-00C04F79EFBC}") = "Logger", "Logger\Logger.csproj", "{F27DDD77-F6D5-4856-8D11-75C6B425BCD5}"
EndProject
Global
	GlobalSection(SolutionConfigurationPlatforms) = preSolution
		Debug|Any CPU = Debug|Any CPU
		Release|Any CPU = Release|Any CPU
	EndGlobalSection
	GlobalSection(ProjectConfigurationPlatforms) = postSolution
		{0C8D8A0A-BD03-4476-8A9D-4617BE11E898}.Debug|Any CPU.ActiveCfg = Debug|Any CPU
		{0C8D8A0A-BD03-4476-8A9D-4617BE11E898}.Debug|Any CPU.Build.0 = Debug|Any CPU
		{0C8D8A0A-BD03-4476-8A9D-4617BE11E898}.Release|Any CPU.ActiveCfg = Release|Any CPU
		{0C8D8A0A-BD03-4476-8A9D-4617BE11E898}.Release|Any CPU.Build.0 = Release|Any CPU
		{9775402A-22AB-4A7B-B1FE-A1D44D07518F}.Debug|Any CPU.ActiveCfg = Debug|Any CPU
		{9775402A-22AB-4A7B-B1FE-A1D44D07518F}.Debug|Any CPU.Build.0 = Debug|Any CPU
		{9775402A-22AB-4A7B-B1FE-A1D44D07518F}.Release|Any CPU.ActiveCfg = Release|Any CPU
		{9775402A-22AB-4A7B-B1FE-A1D44D07518F}.Release|Any CPU.Build.0 = Release|Any CPU
		{F54B95D0-90E9-47A9-88E7-562539AC5F00}.Debug|Any CPU.ActiveCfg = Debug|Any CPU
		{F54B95D0-90E9-47A9-88E7-562539AC5F00}.Debug|Any CPU.Build.0 = Debug|Any CPU
		{F54B95D0-90E9-47A9-88E7-562539AC5F00}.Release|Any CPU.ActiveCfg = Release|Any CPU
		{F54B95D0-90E9-47A9-88E7-562539AC5F00}.Release|Any CPU.Build.0 = Release|Any CPU
		{C1FF91DE-80A5-48C5-A104-DEF82B7B0A94}.Debug|Any CPU.ActiveCfg = Debug|Any CPU
		{C1FF91DE-80A5-48C5-A104-DEF82B7B0A94}.Debug|Any CPU.Build.0 = Debug|Any CPU
		{C1FF91DE-80A5-48C5-A104-DEF82B7B0A94}.Release|Any CPU.ActiveCfg = Release|Any CPU
		{C1FF91DE-80A5-48C5-A104-DEF82B7B0A94}.Release|Any CPU.Build.0 = Release|Any CPU
		{F27DDD77-F6D5-4856-8D11-75C6B425BCD5}.Debug|Any CPU.ActiveCfg = Debug|Any CPU
		{F27DDD77-F6D5-4856-8D11-75C6B425BCD5}.Debug|Any CPU.Build.0 = Debug|Any CPU
		{F27DDD77-F6D5-4856-8D11-75C6B425BCD5}.Release|Any CPU.ActiveCfg = Release|Any CPU
		{F27DDD77-F6D5-4856-8D11-75C6B425BCD5}.Release|Any CPU.Build.0 = Release|Any CPU
	EndGlobalSection
	GlobalSection(SolutionProperties) = preSolution
		HideSolutionNode = FALSE
	EndGlobalSection
	GlobalSection(ExtensibilityGlobals) = postSolution
		SolutionGuid = {A9F8D8EF-5D11-49A1-8064-AE6712EF106A}
	EndGlobalSection
EndGlobal
